
Microsoft Visual Studio Solution File, Format Version 12.00
# Visual Studio Version 16
VisualStudioVersion = 16.0.29102.190
MinimumVisualStudioVersion = 10.0.40219.1
Project("{2150E333-8FDC-42A3-9474-1A3956D46DE8}") = "FE", "FE", "{1A76D74C-6465-4761-8227-E152B3081A7C}"
EndProject
Project("{2150E333-8FDC-42A3-9474-1A3956D46DE8}") = "BE", "BE", "{4B3158F2-C4DD-4932-81BD-A84400B4AF5F}"
EndProject
Project("{2150E333-8FDC-42A3-9474-1A3956D46DE8}") = "Comun", "Comun", "{C047AB45-0083-4823-A4AB-EBBCD916A6FE}"
EndProject
Project("{9A19103F-16F7-4668-BE54-9A1E7A4F7556}") = "RN77.Aula", "RN77.Aula\RN77.Aula.csproj", "{1B1E5718-BB68-48AE-88AB-3AF994B51FE0}"
EndProject
Project("{9A19103F-16F7-4668-BE54-9A1E7A4F7556}") = "RN77.Actores", "RN77.Actores\RN77.Actores.csproj", "{2DD8949F-7D2D-4FD2-9BBA-58490C27DA24}"
EndProject
Project("{9A19103F-16F7-4668-BE54-9A1E7A4F7556}") = "RN77.BD", "RN77.BD\RN77.BD.csproj", "{E9CD2805-C457-4B8F-91DF-301A6265F551}"
EndProject
Project("{2150E333-8FDC-42A3-9474-1A3956D46DE8}") = "Movil", "Movil", "{BE445A3C-9B46-481F-BDB3-5C0AA8ECC2AC}"
EndProject
Project("{2150E333-8FDC-42A3-9474-1A3956D46DE8}") = "DO", "DO", "{5CBDC8FA-C5A2-4B36-9989-AA305E7F7715}"
EndProject
Project("{2150E333-8FDC-42A3-9474-1A3956D46DE8}") = "AL", "AL", "{F078A937-DFEC-49D1-9DB6-350B06FC9F01}"
EndProject
Project("{9A19103F-16F7-4668-BE54-9A1E7A4F7556}") = "RN77.Charla", "RN77.Charla\RN77.Charla.csproj", "{1DA7EDD7-D58C-4623-8092-19DA84E33C62}"
EndProject
Project("{9A19103F-16F7-4668-BE54-9A1E7A4F7556}") = "RN77.Comun", "RN77.Comun\RN77.Comun.csproj", "{E392674C-077D-46FB-9767-44AEB9E00F6C}"
EndProject
Project("{FAE04EC0-301F-11D3-BF4B-00C04F79EFBC}") = "RN77.Web", "RN77.Web\RN77.Web.csproj", "{4F9B06D9-CADA-46D3-9FD0-EEE81390AA84}"
EndProject
Project("{2150E333-8FDC-42A3-9474-1A3956D46DE8}") = "Web", "Web", "{B5A22E7B-1A98-43B9-8F2E-B715E4E30A0E}"
EndProject
Global
	GlobalSection(SolutionConfigurationPlatforms) = preSolution
		Debug|Any CPU = Debug|Any CPU
		Debug|ARM = Debug|ARM
		Debug|iPhone = Debug|iPhone
		Debug|iPhoneSimulator = Debug|iPhoneSimulator
		Debug|x64 = Debug|x64
		Debug|x86 = Debug|x86
		Release|Any CPU = Release|Any CPU
		Release|ARM = Release|ARM
		Release|iPhone = Release|iPhone
		Release|iPhoneSimulator = Release|iPhoneSimulator
		Release|x64 = Release|x64
		Release|x86 = Release|x86
	EndGlobalSection
	GlobalSection(ProjectConfigurationPlatforms) = postSolution
		{1B1E5718-BB68-48AE-88AB-3AF994B51FE0}.Debug|Any CPU.ActiveCfg = Debug|Any CPU
		{1B1E5718-BB68-48AE-88AB-3AF994B51FE0}.Debug|Any CPU.Build.0 = Debug|Any CPU
		{1B1E5718-BB68-48AE-88AB-3AF994B51FE0}.Debug|ARM.ActiveCfg = Debug|Any CPU
		{1B1E5718-BB68-48AE-88AB-3AF994B51FE0}.Debug|ARM.Build.0 = Debug|Any CPU
		{1B1E5718-BB68-48AE-88AB-3AF994B51FE0}.Debug|iPhone.ActiveCfg = Debug|Any CPU
		{1B1E5718-BB68-48AE-88AB-3AF994B51FE0}.Debug|iPhone.Build.0 = Debug|Any CPU
		{1B1E5718-BB68-48AE-88AB-3AF994B51FE0}.Debug|iPhoneSimulator.ActiveCfg = Debug|Any CPU
		{1B1E5718-BB68-48AE-88AB-3AF994B51FE0}.Debug|iPhoneSimulator.Build.0 = Debug|Any CPU
		{1B1E5718-BB68-48AE-88AB-3AF994B51FE0}.Debug|x64.ActiveCfg = Debug|Any CPU
		{1B1E5718-BB68-48AE-88AB-3AF994B51FE0}.Debug|x64.Build.0 = Debug|Any CPU
		{1B1E5718-BB68-48AE-88AB-3AF994B51FE0}.Debug|x86.ActiveCfg = Debug|Any CPU
		{1B1E5718-BB68-48AE-88AB-3AF994B51FE0}.Debug|x86.Build.0 = Debug|Any CPU
		{1B1E5718-BB68-48AE-88AB-3AF994B51FE0}.Release|Any CPU.ActiveCfg = Release|Any CPU
		{1B1E5718-BB68-48AE-88AB-3AF994B51FE0}.Release|Any CPU.Build.0 = Release|Any CPU
		{1B1E5718-BB68-48AE-88AB-3AF994B51FE0}.Release|ARM.ActiveCfg = Release|Any CPU
		{1B1E5718-BB68-48AE-88AB-3AF994B51FE0}.Release|ARM.Build.0 = Release|Any CPU
		{1B1E5718-BB68-48AE-88AB-3AF994B51FE0}.Release|iPhone.ActiveCfg = Release|Any CPU
		{1B1E5718-BB68-48AE-88AB-3AF994B51FE0}.Release|iPhone.Build.0 = Release|Any CPU
		{1B1E5718-BB68-48AE-88AB-3AF994B51FE0}.Release|iPhoneSimulator.ActiveCfg = Release|Any CPU
		{1B1E5718-BB68-48AE-88AB-3AF994B51FE0}.Release|iPhoneSimulator.Build.0 = Release|Any CPU
		{1B1E5718-BB68-48AE-88AB-3AF994B51FE0}.Release|x64.ActiveCfg = Release|Any CPU
		{1B1E5718-BB68-48AE-88AB-3AF994B51FE0}.Release|x64.Build.0 = Release|Any CPU
		{1B1E5718-BB68-48AE-88AB-3AF994B51FE0}.Release|x86.ActiveCfg = Release|Any CPU
		{1B1E5718-BB68-48AE-88AB-3AF994B51FE0}.Release|x86.Build.0 = Release|Any CPU
		{2DD8949F-7D2D-4FD2-9BBA-58490C27DA24}.Debug|Any CPU.ActiveCfg = Debug|Any CPU
		{2DD8949F-7D2D-4FD2-9BBA-58490C27DA24}.Debug|Any CPU.Build.0 = Debug|Any CPU
		{2DD8949F-7D2D-4FD2-9BBA-58490C27DA24}.Debug|ARM.ActiveCfg = Debug|Any CPU
		{2DD8949F-7D2D-4FD2-9BBA-58490C27DA24}.Debug|ARM.Build.0 = Debug|Any CPU
		{2DD8949F-7D2D-4FD2-9BBA-58490C27DA24}.Debug|iPhone.ActiveCfg = Debug|Any CPU
		{2DD8949F-7D2D-4FD2-9BBA-58490C27DA24}.Debug|iPhone.Build.0 = Debug|Any CPU
		{2DD8949F-7D2D-4FD2-9BBA-58490C27DA24}.Debug|iPhoneSimulator.ActiveCfg = Debug|Any CPU
		{2DD8949F-7D2D-4FD2-9BBA-58490C27DA24}.Debug|iPhoneSimulator.Build.0 = Debug|Any CPU
		{2DD8949F-7D2D-4FD2-9BBA-58490C27DA24}.Debug|x64.ActiveCfg = Debug|Any CPU
		{2DD8949F-7D2D-4FD2-9BBA-58490C27DA24}.Debug|x64.Build.0 = Debug|Any CPU
		{2DD8949F-7D2D-4FD2-9BBA-58490C27DA24}.Debug|x86.ActiveCfg = Debug|Any CPU
		{2DD8949F-7D2D-4FD2-9BBA-58490C27DA24}.Debug|x86.Build.0 = Debug|Any CPU
		{2DD8949F-7D2D-4FD2-9BBA-58490C27DA24}.Release|Any CPU.ActiveCfg = Release|Any CPU
		{2DD8949F-7D2D-4FD2-9BBA-58490C27DA24}.Release|Any CPU.Build.0 = Release|Any CPU
		{2DD8949F-7D2D-4FD2-9BBA-58490C27DA24}.Release|ARM.ActiveCfg = Release|Any CPU
		{2DD8949F-7D2D-4FD2-9BBA-58490C27DA24}.Release|ARM.Build.0 = Release|Any CPU
		{2DD8949F-7D2D-4FD2-9BBA-58490C27DA24}.Release|iPhone.ActiveCfg = Release|Any CPU
		{2DD8949F-7D2D-4FD2-9BBA-58490C27DA24}.Release|iPhone.Build.0 = Release|Any CPU
		{2DD8949F-7D2D-4FD2-9BBA-58490C27DA24}.Release|iPhoneSimulator.ActiveCfg = Release|Any CPU
		{2DD8949F-7D2D-4FD2-9BBA-58490C27DA24}.Release|iPhoneSimulator.Build.0 = Release|Any CPU
		{2DD8949F-7D2D-4FD2-9BBA-58490C27DA24}.Release|x64.ActiveCfg = Release|Any CPU
		{2DD8949F-7D2D-4FD2-9BBA-58490C27DA24}.Release|x64.Build.0 = Release|Any CPU
		{2DD8949F-7D2D-4FD2-9BBA-58490C27DA24}.Release|x86.ActiveCfg = Release|Any CPU
		{2DD8949F-7D2D-4FD2-9BBA-58490C27DA24}.Release|x86.Build.0 = Release|Any CPU
		{E9CD2805-C457-4B8F-91DF-301A6265F551}.Debug|Any CPU.ActiveCfg = Debug|Any CPU
		{E9CD2805-C457-4B8F-91DF-301A6265F551}.Debug|Any CPU.Build.0 = Debug|Any CPU
		{E9CD2805-C457-4B8F-91DF-301A6265F551}.Debug|ARM.ActiveCfg = Debug|Any CPU
		{E9CD2805-C457-4B8F-91DF-301A6265F551}.Debug|ARM.Build.0 = Debug|Any CPU
		{E9CD2805-C457-4B8F-91DF-301A6265F551}.Debug|iPhone.ActiveCfg = Debug|Any CPU
		{E9CD2805-C457-4B8F-91DF-301A6265F551}.Debug|iPhone.Build.0 = Debug|Any CPU
		{E9CD2805-C457-4B8F-91DF-301A6265F551}.Debug|iPhoneSimulator.ActiveCfg = Debug|Any CPU
		{E9CD2805-C457-4B8F-91DF-301A6265F551}.Debug|iPhoneSimulator.Build.0 = Debug|Any CPU
		{E9CD2805-C457-4B8F-91DF-301A6265F551}.Debug|x64.ActiveCfg = Debug|Any CPU
		{E9CD2805-C457-4B8F-91DF-301A6265F551}.Debug|x64.Build.0 = Debug|Any CPU
		{E9CD2805-C457-4B8F-91DF-301A6265F551}.Debug|x86.ActiveCfg = Debug|Any CPU
		{E9CD2805-C457-4B8F-91DF-301A6265F551}.Debug|x86.Build.0 = Debug|Any CPU
		{E9CD2805-C457-4B8F-91DF-301A6265F551}.Release|Any CPU.ActiveCfg = Release|Any CPU
		{E9CD2805-C457-4B8F-91DF-301A6265F551}.Release|Any CPU.Build.0 = Release|Any CPU
		{E9CD2805-C457-4B8F-91DF-301A6265F551}.Release|ARM.ActiveCfg = Release|Any CPU
		{E9CD2805-C457-4B8F-91DF-301A6265F551}.Release|ARM.Build.0 = Release|Any CPU
		{E9CD2805-C457-4B8F-91DF-301A6265F551}.Release|iPhone.ActiveCfg = Release|Any CPU
		{E9CD2805-C457-4B8F-91DF-301A6265F551}.Release|iPhone.Build.0 = Release|Any CPU
		{E9CD2805-C457-4B8F-91DF-301A6265F551}.Release|iPhoneSimulator.ActiveCfg = Release|Any CPU
		{E9CD2805-C457-4B8F-91DF-301A6265F551}.Release|iPhoneSimulator.Build.0 = Release|Any CPU
		{E9CD2805-C457-4B8F-91DF-301A6265F551}.Release|x64.ActiveCfg = Release|Any CPU
		{E9CD2805-C457-4B8F-91DF-301A6265F551}.Release|x64.Build.0 = Release|Any CPU
		{E9CD2805-C457-4B8F-91DF-301A6265F551}.Release|x86.ActiveCfg = Release|Any CPU
		{E9CD2805-C457-4B8F-91DF-301A6265F551}.Release|x86.Build.0 = Release|Any CPU
		{1DA7EDD7-D58C-4623-8092-19DA84E33C62}.Debug|Any CPU.ActiveCfg = Debug|Any CPU
		{1DA7EDD7-D58C-4623-8092-19DA84E33C62}.Debug|Any CPU.Build.0 = Debug|Any CPU
		{1DA7EDD7-D58C-4623-8092-19DA84E33C62}.Debug|ARM.ActiveCfg = Debug|Any CPU
		{1DA7EDD7-D58C-4623-8092-19DA84E33C62}.Debug|ARM.Build.0 = Debug|Any CPU
		{1DA7EDD7-D58C-4623-8092-19DA84E33C62}.Debug|iPhone.ActiveCfg = Debug|Any CPU
		{1DA7EDD7-D58C-4623-8092-19DA84E33C62}.Debug|iPhone.Build.0 = Debug|Any CPU
		{1DA7EDD7-D58C-4623-8092-19DA84E33C62}.Debug|iPhoneSimulator.ActiveCfg = Debug|Any CPU
		{1DA7EDD7-D58C-4623-8092-19DA84E33C62}.Debug|iPhoneSimulator.Build.0 = Debug|Any CPU
		{1DA7EDD7-D58C-4623-8092-19DA84E33C62}.Debug|x64.ActiveCfg = Debug|Any CPU
		{1DA7EDD7-D58C-4623-8092-19DA84E33C62}.Debug|x64.Build.0 = Debug|Any CPU
		{1DA7EDD7-D58C-4623-8092-19DA84E33C62}.Debug|x86.ActiveCfg = Debug|Any CPU
		{1DA7EDD7-D58C-4623-8092-19DA84E33C62}.Debug|x86.Build.0 = Debug|Any CPU
		{1DA7EDD7-D58C-4623-8092-19DA84E33C62}.Release|Any CPU.ActiveCfg = Release|Any CPU
		{1DA7EDD7-D58C-4623-8092-19DA84E33C62}.Release|Any CPU.Build.0 = Release|Any CPU
		{1DA7EDD7-D58C-4623-8092-19DA84E33C62}.Release|ARM.ActiveCfg = Release|Any CPU
		{1DA7EDD7-D58C-4623-8092-19DA84E33C62}.Release|ARM.Build.0 = Release|Any CPU
		{1DA7EDD7-D58C-4623-8092-19DA84E33C62}.Release|iPhone.ActiveCfg = Release|Any CPU
		{1DA7EDD7-D58C-4623-8092-19DA84E33C62}.Release|iPhone.Build.0 = Release|Any CPU
		{1DA7EDD7-D58C-4623-8092-19DA84E33C62}.Release|iPhoneSimulator.ActiveCfg = Release|Any CPU
		{1DA7EDD7-D58C-4623-8092-19DA84E33C62}.Release|iPhoneSimulator.Build.0 = Release|Any CPU
		{1DA7EDD7-D58C-4623-8092-19DA84E33C62}.Release|x64.ActiveCfg = Release|Any CPU
		{1DA7EDD7-D58C-4623-8092-19DA84E33C62}.Release|x64.Build.0 = Release|Any CPU
		{1DA7EDD7-D58C-4623-8092-19DA84E33C62}.Release|x86.ActiveCfg = Release|Any CPU
		{1DA7EDD7-D58C-4623-8092-19DA84E33C62}.Release|x86.Build.0 = Release|Any CPU
		{E392674C-077D-46FB-9767-44AEB9E00F6C}.Debug|Any CPU.ActiveCfg = Debug|Any CPU
		{E392674C-077D-46FB-9767-44AEB9E00F6C}.Debug|Any CPU.Build.0 = Debug|Any CPU
		{E392674C-077D-46FB-9767-44AEB9E00F6C}.Debug|ARM.ActiveCfg = Debug|Any CPU
		{E392674C-077D-46FB-9767-44AEB9E00F6C}.Debug|ARM.Build.0 = Debug|Any CPU
		{E392674C-077D-46FB-9767-44AEB9E00F6C}.Debug|iPhone.ActiveCfg = Debug|Any CPU
		{E392674C-077D-46FB-9767-44AEB9E00F6C}.Debug|iPhone.Build.0 = Debug|Any CPU
		{E392674C-077D-46FB-9767-44AEB9E00F6C}.Debug|iPhoneSimulator.ActiveCfg = Debug|Any CPU
		{E392674C-077D-46FB-9767-44AEB9E00F6C}.Debug|iPhoneSimulator.Build.0 = Debug|Any CPU
		{E392674C-077D-46FB-9767-44AEB9E00F6C}.Debug|x64.ActiveCfg = Debug|Any CPU
		{E392674C-077D-46FB-9767-44AEB9E00F6C}.Debug|x64.Build.0 = Debug|Any CPU
		{E392674C-077D-46FB-9767-44AEB9E00F6C}.Debug|x86.ActiveCfg = Debug|Any CPU
		{E392674C-077D-46FB-9767-44AEB9E00F6C}.Debug|x86.Build.0 = Debug|Any CPU
		{E392674C-077D-46FB-9767-44AEB9E00F6C}.Release|Any CPU.ActiveCfg = Release|Any CPU
		{E392674C-077D-46FB-9767-44AEB9E00F6C}.Release|Any CPU.Build.0 = Release|Any CPU
		{E392674C-077D-46FB-9767-44AEB9E00F6C}.Release|ARM.ActiveCfg = Release|Any CPU
		{E392674C-077D-46FB-9767-44AEB9E00F6C}.Release|ARM.Build.0 = Release|Any CPU
		{E392674C-077D-46FB-9767-44AEB9E00F6C}.Release|iPhone.ActiveCfg = Release|Any CPU
		{E392674C-077D-46FB-9767-44AEB9E00F6C}.Release|iPhone.Build.0 = Release|Any CPU
		{E392674C-077D-46FB-9767-44AEB9E00F6C}.Release|iPhoneSimulator.ActiveCfg = Release|Any CPU
		{E392674C-077D-46FB-9767-44AEB9E00F6C}.Release|iPhoneSimulator.Build.0 = Release|Any CPU
		{E392674C-077D-46FB-9767-44AEB9E00F6C}.Release|x64.ActiveCfg = Release|Any CPU
		{E392674C-077D-46FB-9767-44AEB9E00F6C}.Release|x64.Build.0 = Release|Any CPU
		{E392674C-077D-46FB-9767-44AEB9E00F6C}.Release|x86.ActiveCfg = Release|Any CPU
		{E392674C-077D-46FB-9767-44AEB9E00F6C}.Release|x86.Build.0 = Release|Any CPU
		{4F9B06D9-CADA-46D3-9FD0-EEE81390AA84}.Debug|Any CPU.ActiveCfg = Debug|Any CPU
		{4F9B06D9-CADA-46D3-9FD0-EEE81390AA84}.Debug|Any CPU.Build.0 = Debug|Any CPU
		{4F9B06D9-CADA-46D3-9FD0-EEE81390AA84}.Debug|ARM.ActiveCfg = Debug|Any CPU
		{4F9B06D9-CADA-46D3-9FD0-EEE81390AA84}.Debug|ARM.Build.0 = Debug|Any CPU
		{4F9B06D9-CADA-46D3-9FD0-EEE81390AA84}.Debug|iPhone.ActiveCfg = Debug|Any CPU
		{4F9B06D9-CADA-46D3-9FD0-EEE81390AA84}.Debug|iPhone.Build.0 = Debug|Any CPU
		{4F9B06D9-CADA-46D3-9FD0-EEE81390AA84}.Debug|iPhoneSimulator.ActiveCfg = Debug|Any CPU
		{4F9B06D9-CADA-46D3-9FD0-EEE81390AA84}.Debug|iPhoneSimulator.Build.0 = Debug|Any CPU
		{4F9B06D9-CADA-46D3-9FD0-EEE81390AA84}.Debug|x64.ActiveCfg = Debug|Any CPU
		{4F9B06D9-CADA-46D3-9FD0-EEE81390AA84}.Debug|x64.Build.0 = Debug|Any CPU
		{4F9B06D9-CADA-46D3-9FD0-EEE81390AA84}.Debug|x86.ActiveCfg = Debug|Any CPU
		{4F9B06D9-CADA-46D3-9FD0-EEE81390AA84}.Debug|x86.Build.0 = Debug|Any CPU
		{4F9B06D9-CADA-46D3-9FD0-EEE81390AA84}.Release|Any CPU.ActiveCfg = Release|Any CPU
		{4F9B06D9-CADA-46D3-9FD0-EEE81390AA84}.Release|Any CPU.Build.0 = Release|Any CPU
		{4F9B06D9-CADA-46D3-9FD0-EEE81390AA84}.Release|ARM.ActiveCfg = Release|Any CPU
		{4F9B06D9-CADA-46D3-9FD0-EEE81390AA84}.Release|ARM.Build.0 = Release|Any CPU
		{4F9B06D9-CADA-46D3-9FD0-EEE81390AA84}.Release|iPhone.ActiveCfg = Release|Any CPU
		{4F9B06D9-CADA-46D3-9FD0-EEE81390AA84}.Release|iPhone.Build.0 = Release|Any CPU
		{4F9B06D9-CADA-46D3-9FD0-EEE81390AA84}.Release|iPhoneSimulator.ActiveCfg = Release|Any CPU
		{4F9B06D9-CADA-46D3-9FD0-EEE81390AA84}.Release|iPhoneSimulator.Build.0 = Release|Any CPU
		{4F9B06D9-CADA-46D3-9FD0-EEE81390AA84}.Release|x64.ActiveCfg = Release|Any CPU
		{4F9B06D9-CADA-46D3-9FD0-EEE81390AA84}.Release|x64.Build.0 = Release|Any CPU
		{4F9B06D9-CADA-46D3-9FD0-EEE81390AA84}.Release|x86.ActiveCfg = Release|Any CPU
		{4F9B06D9-CADA-46D3-9FD0-EEE81390AA84}.Release|x86.Build.0 = Release|Any CPU
	EndGlobalSection
	GlobalSection(SolutionProperties) = preSolution
		HideSolutionNode = FALSE
	EndGlobalSection
	GlobalSection(NestedProjects) = preSolution
		{1B1E5718-BB68-48AE-88AB-3AF994B51FE0} = {4B3158F2-C4DD-4932-81BD-A84400B4AF5F}
		{2DD8949F-7D2D-4FD2-9BBA-58490C27DA24} = {4B3158F2-C4DD-4932-81BD-A84400B4AF5F}
		{E9CD2805-C457-4B8F-91DF-301A6265F551} = {C047AB45-0083-4823-A4AB-EBBCD916A6FE}
		{BE445A3C-9B46-481F-BDB3-5C0AA8ECC2AC} = {1A76D74C-6465-4761-8227-E152B3081A7C}
		{5CBDC8FA-C5A2-4B36-9989-AA305E7F7715} = {BE445A3C-9B46-481F-BDB3-5C0AA8ECC2AC}
		{F078A937-DFEC-49D1-9DB6-350B06FC9F01} = {BE445A3C-9B46-481F-BDB3-5C0AA8ECC2AC}
		{1DA7EDD7-D58C-4623-8092-19DA84E33C62} = {4B3158F2-C4DD-4932-81BD-A84400B4AF5F}
		{E392674C-077D-46FB-9767-44AEB9E00F6C} = {C047AB45-0083-4823-A4AB-EBBCD916A6FE}
		{4F9B06D9-CADA-46D3-9FD0-EEE81390AA84} = {B5A22E7B-1A98-43B9-8F2E-B715E4E30A0E}
		{B5A22E7B-1A98-43B9-8F2E-B715E4E30A0E} = {1A76D74C-6465-4761-8227-E152B3081A7C}
	EndGlobalSection
	GlobalSection(ExtensibilityGlobals) = postSolution
		SolutionGuid = {6A561E3D-BA1C-4DAF-B7FD-83B9F196B71A}
	EndGlobalSection
EndGlobal
