
Microsoft Visual Studio Solution File, Format Version 12.00
# Visual Studio Version 16
VisualStudioVersion = 16.0.29324.140
MinimumVisualStudioVersion = 10.0.40219.1
Project("{FAE04EC0-301F-11D3-BF4B-00C04F79EFBC}") = "RN77.BD", "RN77.BD\RN77.BD.csproj", "{00B431A2-EAA9-4AFD-BE0E-7FFF5A060786}"
EndProject
Project("{FAE04EC0-301F-11D3-BF4B-00C04F79EFBC}") = "RN77.Comun", "RN77.Comun\RN77.Comun.csproj", "{EC8BBC1E-2FDB-47AF-98CB-3A62495F8F7D}"
EndProject
Global
	GlobalSection(SolutionConfigurationPlatforms) = preSolution
		Debug|Any CPU = Debug|Any CPU
		Release|Any CPU = Release|Any CPU
	EndGlobalSection
	GlobalSection(ProjectConfigurationPlatforms) = postSolution
		{00B431A2-EAA9-4AFD-BE0E-7FFF5A060786}.Debug|Any CPU.ActiveCfg = Debug|Any CPU
		{00B431A2-EAA9-4AFD-BE0E-7FFF5A060786}.Debug|Any CPU.Build.0 = Debug|Any CPU
		{00B431A2-EAA9-4AFD-BE0E-7FFF5A060786}.Release|Any CPU.ActiveCfg = Release|Any CPU
		{00B431A2-EAA9-4AFD-BE0E-7FFF5A060786}.Release|Any CPU.Build.0 = Release|Any CPU
		{EC8BBC1E-2FDB-47AF-98CB-3A62495F8F7D}.Debug|Any CPU.ActiveCfg = Debug|Any CPU
		{EC8BBC1E-2FDB-47AF-98CB-3A62495F8F7D}.Debug|Any CPU.Build.0 = Debug|Any CPU
		{EC8BBC1E-2FDB-47AF-98CB-3A62495F8F7D}.Release|Any CPU.ActiveCfg = Release|Any CPU
		{EC8BBC1E-2FDB-47AF-98CB-3A62495F8F7D}.Release|Any CPU.Build.0 = Release|Any CPU
	EndGlobalSection
	GlobalSection(SolutionProperties) = preSolution
		HideSolutionNode = FALSE
	EndGlobalSection
	GlobalSection(ExtensibilityGlobals) = postSolution
		SolutionGuid = {657C9880-E008-4268-82F0-8201A49E9E67}
	EndGlobalSection
EndGlobal
